
Microsoft Visual Studio Solution File, Format Version 12.00
# Visual Studio Version 17
VisualStudioVersion = 17.10.34916.146
MinimumVisualStudioVersion = 10.0.40219.1
Project("{9A19103F-16F7-4668-BE54-9A1E7A4F7556}") = "AdresAcquisition.Api", "AdresAdquisition.Api\AdresAcquisition.Api.csproj", "{E8BA952D-6242-4995-A08C-C66777CCBA0B}"
EndProject
Project("{FAE04EC0-301F-11D3-BF4B-00C04F79EFBC}") = "AdresAdquisition.Domain", "AdresAdquisition.Domain\AdresAdquisition.Domain.csproj", "{8D79A97F-C691-4DBD-A5D0-D043B0BA5EA2}"
EndProject
Project("{FAE04EC0-301F-11D3-BF4B-00C04F79EFBC}") = "AdresAdquisition.Infraestructure", "AdresAdquisition.Infraestructure\AdresAdquisition.Infraestructure.csproj", "{3B847E87-FEDD-45D4-8882-2877F95F69CE}"
EndProject
Project("{FAE04EC0-301F-11D3-BF4B-00C04F79EFBC}") = "AdresAcquisition.Aplication", "AdresAcquisition.Aplication\AdresAcquisition.Aplication.csproj", "{F275E3FE-C2C6-4049-976B-8C38EEB50C19}"
EndProject
Global
	GlobalSection(SolutionConfigurationPlatforms) = preSolution
		Debug|Any CPU = Debug|Any CPU
		Release|Any CPU = Release|Any CPU
	EndGlobalSection
	GlobalSection(ProjectConfigurationPlatforms) = postSolution
		{E8BA952D-6242-4995-A08C-C66777CCBA0B}.Debug|Any CPU.ActiveCfg = Debug|Any CPU
		{E8BA952D-6242-4995-A08C-C66777CCBA0B}.Debug|Any CPU.Build.0 = Debug|Any CPU
		{E8BA952D-6242-4995-A08C-C66777CCBA0B}.Release|Any CPU.ActiveCfg = Release|Any CPU
		{E8BA952D-6242-4995-A08C-C66777CCBA0B}.Release|Any CPU.Build.0 = Release|Any CPU
		{8D79A97F-C691-4DBD-A5D0-D043B0BA5EA2}.Debug|Any CPU.ActiveCfg = Debug|Any CPU
		{8D79A97F-C691-4DBD-A5D0-D043B0BA5EA2}.Debug|Any CPU.Build.0 = Debug|Any CPU
		{8D79A97F-C691-4DBD-A5D0-D043B0BA5EA2}.Release|Any CPU.ActiveCfg = Release|Any CPU
		{8D79A97F-C691-4DBD-A5D0-D043B0BA5EA2}.Release|Any CPU.Build.0 = Release|Any CPU
		{3B847E87-FEDD-45D4-8882-2877F95F69CE}.Debug|Any CPU.ActiveCfg = Debug|Any CPU
		{3B847E87-FEDD-45D4-8882-2877F95F69CE}.Debug|Any CPU.Build.0 = Debug|Any CPU
		{3B847E87-FEDD-45D4-8882-2877F95F69CE}.Release|Any CPU.ActiveCfg = Release|Any CPU
		{3B847E87-FEDD-45D4-8882-2877F95F69CE}.Release|Any CPU.Build.0 = Release|Any CPU
		{F275E3FE-C2C6-4049-976B-8C38EEB50C19}.Debug|Any CPU.ActiveCfg = Debug|Any CPU
		{F275E3FE-C2C6-4049-976B-8C38EEB50C19}.Debug|Any CPU.Build.0 = Debug|Any CPU
		{F275E3FE-C2C6-4049-976B-8C38EEB50C19}.Release|Any CPU.ActiveCfg = Release|Any CPU
		{F275E3FE-C2C6-4049-976B-8C38EEB50C19}.Release|Any CPU.Build.0 = Release|Any CPU
	EndGlobalSection
	GlobalSection(SolutionProperties) = preSolution
		HideSolutionNode = FALSE
	EndGlobalSection
	GlobalSection(ExtensibilityGlobals) = postSolution
		SolutionGuid = {8E105DC9-0C97-439E-8633-D1DE54CA4F69}
	EndGlobalSection
EndGlobal
