
Microsoft Visual Studio Solution File, Format Version 12.00
# Visual Studio Version 17
VisualStudioVersion = 17.10.34916.146
MinimumVisualStudioVersion = 10.0.40219.1
Project("{9A19103F-16F7-4668-BE54-9A1E7A4F7556}") = "AdresAcquisition.Api", "AdresAdquisition.Api\AdresAcquisition.Api.csproj", "{E8BA952D-6242-4995-A08C-C66777CCBA0B}"
EndProject
Project("{9A19103F-16F7-4668-BE54-9A1E7A4F7556}") = "AdresAcquisition.Aplication", "AdresAcquisition.Aplication\AdresAcquisition.Aplication.csproj", "{AD28C15D-E75B-42CD-B14B-9E23FEA91BC7}"
EndProject
Project("{9A19103F-16F7-4668-BE54-9A1E7A4F7556}") = "AdresAdquisition.Infraestructure", "AdresAdquisition.Infraestructure\AdresAdquisition.Infraestructure.csproj", "{FBFFA9DC-D2EB-4AE7-8FF9-8BF698D5451E}"
EndProject
Project("{9A19103F-16F7-4668-BE54-9A1E7A4F7556}") = "AdresAdquisition.Domain", "AdresAdquisition.Domain\AdresAdquisition.Domain.csproj", "{80E409B8-78A2-48D4-8EAB-E30A6BCF7182}"
EndProject
Global
	GlobalSection(SolutionConfigurationPlatforms) = preSolution
		Debug|Any CPU = Debug|Any CPU
		Release|Any CPU = Release|Any CPU
	EndGlobalSection
	GlobalSection(ProjectConfigurationPlatforms) = postSolution
		{E8BA952D-6242-4995-A08C-C66777CCBA0B}.Debug|Any CPU.ActiveCfg = Debug|Any CPU
		{E8BA952D-6242-4995-A08C-C66777CCBA0B}.Debug|Any CPU.Build.0 = Debug|Any CPU
		{E8BA952D-6242-4995-A08C-C66777CCBA0B}.Release|Any CPU.ActiveCfg = Release|Any CPU
		{E8BA952D-6242-4995-A08C-C66777CCBA0B}.Release|Any CPU.Build.0 = Release|Any CPU
		{AD28C15D-E75B-42CD-B14B-9E23FEA91BC7}.Debug|Any CPU.ActiveCfg = Debug|Any CPU
		{AD28C15D-E75B-42CD-B14B-9E23FEA91BC7}.Debug|Any CPU.Build.0 = Debug|Any CPU
		{AD28C15D-E75B-42CD-B14B-9E23FEA91BC7}.Release|Any CPU.ActiveCfg = Release|Any CPU
		{AD28C15D-E75B-42CD-B14B-9E23FEA91BC7}.Release|Any CPU.Build.0 = Release|Any CPU
		{FBFFA9DC-D2EB-4AE7-8FF9-8BF698D5451E}.Debug|Any CPU.ActiveCfg = Debug|Any CPU
		{FBFFA9DC-D2EB-4AE7-8FF9-8BF698D5451E}.Debug|Any CPU.Build.0 = Debug|Any CPU
		{FBFFA9DC-D2EB-4AE7-8FF9-8BF698D5451E}.Release|Any CPU.ActiveCfg = Release|Any CPU
		{FBFFA9DC-D2EB-4AE7-8FF9-8BF698D5451E}.Release|Any CPU.Build.0 = Release|Any CPU
		{80E409B8-78A2-48D4-8EAB-E30A6BCF7182}.Debug|Any CPU.ActiveCfg = Debug|Any CPU
		{80E409B8-78A2-48D4-8EAB-E30A6BCF7182}.Debug|Any CPU.Build.0 = Debug|Any CPU
		{80E409B8-78A2-48D4-8EAB-E30A6BCF7182}.Release|Any CPU.ActiveCfg = Release|Any CPU
		{80E409B8-78A2-48D4-8EAB-E30A6BCF7182}.Release|Any CPU.Build.0 = Release|Any CPU
	EndGlobalSection
	GlobalSection(SolutionProperties) = preSolution
		HideSolutionNode = FALSE
	EndGlobalSection
	GlobalSection(ExtensibilityGlobals) = postSolution
		SolutionGuid = {8E105DC9-0C97-439E-8633-D1DE54CA4F69}
	EndGlobalSection
EndGlobal
